// !$*UTF8*$!
{
	archiveVersion = 1;
	classes = {
	};
	objectVersion = 77;
	objects = {

/* Begin PBXBuildFile section */
		445D3AA9CA8DA7EAF3E686AC /* PrivacyInfo.xcprivacy in Resources */ = {isa = PBXBuildFile; fileRef = 5DECABACC1BE05051B428C0C /* PrivacyInfo.xcprivacy */; };
		5BE29EFD8B30488C6DE185C8 /* App.swift in Sources */ = {isa = PBXBuildFile; fileRef = C64F1610541B5A7902E96FA2 /* App.swift */; };
		6F567EED85B083885C3669DE /* Components.swift in Sources */ = {isa = PBXBuildFile; fileRef = FA3199DEDF7D817E0F50D3ED /* Components.swift */; };
		8559725090E681B03E5B9147 /* AppModelTests.swift in Sources */ = {isa = PBXBuildFile; fileRef = 31F945D6FF197985B05CB2AD /* AppModelTests.swift */; };
		C5BBEE5573C8415F1113D097 /* Assets.xcassets in Resources */ = {isa = PBXBuildFile; fileRef = EA7274F227760C24E2EF4CE7 /* Assets.xcassets */; };
/* End PBXBuildFile section */

/* Begin PBXContainerItemProxy section */
		E411439E0FBC70049BBF3083 /* PBXContainerItemProxy */ = {
			isa = PBXContainerItemProxy;
			containerPortal = 483EB11475336ABD13DE2AED /* Project object */;
			proxyType = 1;
			remoteGlobalIDString = A99A7523396E24ECE75E94C3;
			remoteInfo = Activity02DomainCore;
		};
/* End PBXContainerItemProxy section */

/* Begin PBXFileReference section */
		31F945D6FF197985B05CB2AD /* AppModelTests.swift */ = {isa = PBXFileReference; lastKnownFileType = sourcecode.swift; path = AppModelTests.swift; sourceTree = "<group>"; };
		5DECABACC1BE05051B428C0C /* PrivacyInfo.xcprivacy */ = {isa = PBXFileReference; path = PrivacyInfo.xcprivacy; sourceTree = "<group>"; };
		C64F1610541B5A7902E96FA2 /* App.swift */ = {isa = PBXFileReference; lastKnownFileType = sourcecode.swift; path = App.swift; sourceTree = "<group>"; };
		CFF8441C0F47693CE28626C8 /* Activity02DomainCoreTests.xctest */ = {isa = PBXFileReference; includeInIndex = 0; lastKnownFileType = wrapper.cfbundle; path = Activity02DomainCoreTests.xctest; sourceTree = BUILT_PRODUCTS_DIR; };
		EA7274F227760C24E2EF4CE7 /* Assets.xcassets */ = {isa = PBXFileReference; lastKnownFileType = folder.assetcatalog; path = Assets.xcassets; sourceTree = "<group>"; };
		F82E5637C0025C5FFA6A9067 /* Activity02DomainCore.app */ = {isa = PBXFileReference; includeInIndex = 0; lastKnownFileType = wrapper.application; path = Activity02DomainCore.app; sourceTree = BUILT_PRODUCTS_DIR; };
		FA3199DEDF7D817E0F50D3ED /* Components.swift */ = {isa = PBXFileReference; lastKnownFileType = sourcecode.swift; path = Components.swift; sourceTree = "<group>"; };
/* End PBXFileReference section */

/* Begin PBXGroup section */
		0BFE7F7BF137455AE9A091EC /* solution */ = {
			isa = PBXGroup;
			children = (
				EA7274F227760C24E2EF4CE7 /* Assets.xcassets */,
				5DECABACC1BE05051B428C0C /* PrivacyInfo.xcprivacy */,
			);
			path = solution;
			sourceTree = "<group>";
		};
		350956A34CBDFA35F7CFD35A /* Sources */ = {
			isa = PBXGroup;
			children = (
				C64F1610541B5A7902E96FA2 /* App.swift */,
				FA3199DEDF7D817E0F50D3ED /* Components.swift */,
			);
			name = Sources;
			path = solution/Sources;
			sourceTree = "<group>";
		};
		7134E1060B77FDFCEC64488D = {
			isa = PBXGroup;
			children = (
				CFE6170AFABFD7E426A8BC63 /* AppTests */,
				0BFE7F7BF137455AE9A091EC /* solution */,
				350956A34CBDFA35F7CFD35A /* Sources */,
				F3381C0D494B3FD813F74B18 /* Products */,
			);
			sourceTree = "<group>";
		};
		CFE6170AFABFD7E426A8BC63 /* AppTests */ = {
			isa = PBXGroup;
			children = (
				31F945D6FF197985B05CB2AD /* AppModelTests.swift */,
			);
			name = AppTests;
			path = solution/AppTests;
			sourceTree = "<group>";
		};
		F3381C0D494B3FD813F74B18 /* Products */ = {
			isa = PBXGroup;
			children = (
				F82E5637C0025C5FFA6A9067 /* Activity02DomainCore.app */,
				CFF8441C0F47693CE28626C8 /* Activity02DomainCoreTests.xctest */,
			);
			name = Products;
			sourceTree = "<group>";
		};
/* End PBXGroup section */

/* Begin PBXNativeTarget section */
		A99A7523396E24ECE75E94C3 /* Activity02DomainCore */ = {
			isa = PBXNativeTarget;
			buildConfigurationList = F3AEAC40BE1DC47FE54F994E /* Build configuration list for PBXNativeTarget "Activity02DomainCore" */;
			buildPhases = (
				A1A10B9B9876FE9EA1F4B94B /* Sources */,
				101B33C2121952C86FA49BEA /* Resources */,
			);
			buildRules = (
			);
			dependencies = (
			);
			name = Activity02DomainCore;
			packageProductDependencies = (
			);
			productName = Activity02DomainCore;
			productReference = F82E5637C0025C5FFA6A9067 /* Activity02DomainCore.app */;
			productType = "com.apple.product-type.application";
		};
		AC818640224FCF7E86B1A462 /* Activity02DomainCoreTests */ = {
			isa = PBXNativeTarget;
			buildConfigurationList = 5241E2E4296EA5D9F3C974A0 /* Build configuration list for PBXNativeTarget "Activity02DomainCoreTests" */;
			buildPhases = (
				AD9647EE5E97F67D417D94C7 /* Sources */,
			);
			buildRules = (
			);
			dependencies = (
				20563EF91010B6B13CEDE1E9 /* PBXTargetDependency */,
			);
			name = Activity02DomainCoreTests;
			packageProductDependencies = (
			);
			productName = Activity02DomainCoreTests;
			productReference = CFF8441C0F47693CE28626C8 /* Activity02DomainCoreTests.xctest */;
			productType = "com.apple.product-type.bundle.unit-test";
		};
/* End PBXNativeTarget section */

/* Begin PBXProject section */
		483EB11475336ABD13DE2AED /* Project object */ = {
			isa = PBXProject;
			attributes = {
				BuildIndependentTargetsInParallel = YES;
				LastUpgradeCheck = 1430;
				TargetAttributes = {
				};
			};
			buildConfigurationList = 4587CC63F0F61D7B286D2F1E /* Build configuration list for PBXProject "Activity02DomainCore" */;
			developmentRegion = en;
			hasScannedForEncodings = 0;
			knownRegions = (
				Base,
				en,
			);
			mainGroup = 7134E1060B77FDFCEC64488D;
			minimizedProjectReferenceProxies = 1;
			preferredProjectObjectVersion = 77;
			productRefGroup = F3381C0D494B3FD813F74B18 /* Products */;
			projectDirPath = "";
			projectRoot = "";
			targets = (
				A99A7523396E24ECE75E94C3 /* Activity02DomainCore */,
				AC818640224FCF7E86B1A462 /* Activity02DomainCoreTests */,
			);
		};
/* End PBXProject section */

/* Begin PBXResourcesBuildPhase section */
		101B33C2121952C86FA49BEA /* Resources */ = {
			isa = PBXResourcesBuildPhase;
			buildActionMask = 2147483647;
			files = (
				C5BBEE5573C8415F1113D097 /* Assets.xcassets in Resources */,
				445D3AA9CA8DA7EAF3E686AC /* PrivacyInfo.xcprivacy in Resources */,
			);
			runOnlyForDeploymentPostprocessing = 0;
		};
/* End PBXResourcesBuildPhase section */

/* Begin PBXSourcesBuildPhase section */
		A1A10B9B9876FE9EA1F4B94B /* Sources */ = {
			isa = PBXSourcesBuildPhase;
			buildActionMask = 2147483647;
			files = (
				5BE29EFD8B30488C6DE185C8 /* App.swift in Sources */,
				6F567EED85B083885C3669DE /* Components.swift in Sources */,
			);
			runOnlyForDeploymentPostprocessing = 0;
		};
		AD9647EE5E97F67D417D94C7 /* Sources */ = {
			isa = PBXSourcesBuildPhase;
			buildActionMask = 2147483647;
			files = (
				8559725090E681B03E5B9147 /* AppModelTests.swift in Sources */,
			);
			runOnlyForDeploymentPostprocessing = 0;
		};
/* End PBXSourcesBuildPhase section */

/* Begin PBXTargetDependency section */
		20563EF91010B6B13CEDE1E9 /* PBXTargetDependency */ = {
			isa = PBXTargetDependency;
			target = A99A7523396E24ECE75E94C3 /* Activity02DomainCore */;
			targetProxy = E411439E0FBC70049BBF3083 /* PBXContainerItemProxy */;
		};
/* End PBXTargetDependency section */

/* Begin XCBuildConfiguration section */
		060355CF8C2427F0E5CB4C71 /* Release */ = {
			isa = XCBuildConfiguration;
			buildSettings = {
				ASSETCATALOG_COMPILER_APPICON_NAME = AppIcon;
				CODE_SIGN_IDENTITY = "iPhone Developer";
				CURRENT_PROJECT_VERSION = 1;
				GENERATE_INFOPLIST_FILE = NO;
				INFOPLIST_FILE = solution/Info.plist;
				IPHONEOS_DEPLOYMENT_TARGET = 17.0;
				LD_RUNPATH_SEARCH_PATHS = (
					"$(inherited)",
					"@executable_path/Frameworks",
				);
				MARKETING_VERSION = 1.2;
				PRODUCT_BUNDLE_IDENTIFIER = sg.tertiary.course.activity02domaincore;
				SDKROOT = iphoneos;
				TARGETED_DEVICE_FAMILY = "1,2";
			};
			name = Release;
		};
		14147239F8FA3C0A5E5C0E49 /* Release */ = {
			isa = XCBuildConfiguration;
			buildSettings = {
				ALWAYS_SEARCH_USER_PATHS = NO;
				CLANG_ANALYZER_NONNULL = YES;
				CLANG_ANALYZER_NUMBER_OBJECT_CONVERSION = YES_AGGRESSIVE;
				CLANG_CXX_LANGUAGE_STANDARD = "gnu++14";
				CLANG_CXX_LIBRARY = "libc++";
				CLANG_ENABLE_MODULES = YES;
				CLANG_ENABLE_OBJC_ARC = YES;
				CLANG_ENABLE_OBJC_WEAK = YES;
				CLANG_WARN_BLOCK_CAPTURE_AUTORELEASING = YES;
				CLANG_WARN_BOOL_CONVERSION = YES;
				CLANG_WARN_COMMA = YES;
				CLANG_WARN_CONSTANT_CONVERSION = YES;
				CLANG_WARN_DEPRECATED_OBJC_IMPLEMENTATIONS = YES;
				CLANG_WARN_DIRECT_OBJC_ISA_USAGE = YES_ERROR;
				CLANG_WARN_DOCUMENTATION_COMMENTS = YES;
				CLANG_WARN_EMPTY_BODY = YES;
				CLANG_WARN_ENUM_CONVERSION = YES;
				CLANG_WARN_INFINITE_RECURSION = YES;
				CLANG_WARN_INT_CONVERSION = YES;
				CLANG_WARN_NON_LITERAL_NULL_CONVERSION = YES;
				CLANG_WARN_OBJC_IMPLICIT_RETAIN_SELF = YES;
				CLANG_WARN_OBJC_LITERAL_CONVERSION = YES;
				CLANG_WARN_OBJC_ROOT_CLASS = YES_ERROR;
				CLANG_WARN_QUOTED_INCLUDE_IN_FRAMEWORK_HEADER = YES;
				CLANG_WARN_RANGE_LOOP_ANALYSIS = YES;
				CLANG_WARN_STRICT_PROTOTYPES = YES;
				CLANG_WARN_SUSPICIOUS_MOVE = YES;
				CLANG_WARN_UNGUARDED_AVAILABILITY = YES_AGGRESSIVE;
				CLANG_WARN_UNREACHABLE_CODE = YES;
				CLANG_WARN__DUPLICATE_METHOD_MATCH = YES;
				COPY_PHASE_STRIP = NO;
				DEBUG_INFORMATION_FORMAT = "dwarf-with-dsym";
				ENABLE_NS_ASSERTIONS = NO;
				ENABLE_STRICT_OBJC_MSGSEND = YES;
				GCC_C_LANGUAGE_STANDARD = gnu11;
				GCC_NO_COMMON_BLOCKS = YES;
				GCC_WARN_64_TO_32_BIT_CONVERSION = YES;
				GCC_WARN_ABOUT_RETURN_TYPE = YES_ERROR;
				GCC_WARN_UNDECLARED_SELECTOR = YES;
				GCC_WARN_UNINITIALIZED_AUTOS = YES_AGGRESSIVE;
				GCC_WARN_UNUSED_FUNCTION = YES;
				GCC_WARN_UNUSED_VARIABLE = YES;
				IPHONEOS_DEPLOYMENT_TARGET = 17.0;
				MTL_ENABLE_DEBUG_INFO = NO;
				MTL_FAST_MATH = YES;
				PRODUCT_NAME = "$(TARGET_NAME)";
				SDKROOT = iphoneos;
				SWIFT_COMPILATION_MODE = wholemodule;
				SWIFT_OPTIMIZATION_LEVEL = "-O";
				SWIFT_VERSION = 6.0;
			};
			name = Release;
		};
		46538F585C492610EE8A8826 /* Debug */ = {
			isa = XCBuildConfiguration;
			buildSettings = {
				BUNDLE_LOADER = "$(TEST_HOST)";
				IPHONEOS_DEPLOYMENT_TARGET = 17.0;
				LD_RUNPATH_SEARCH_PATHS = (
					"$(inherited)",
					"@executable_path/Frameworks",
					"@loader_path/Frameworks",
				);
				PRODUCT_BUNDLE_IDENTIFIER = sg.tertiary.course.Activity02DomainCoreTests;
				SDKROOT = iphoneos;
				TARGETED_DEVICE_FAMILY = "1,2";
				TEST_HOST = "$(BUILT_PRODUCTS_DIR)/Activity02DomainCore.app/Activity02DomainCore";
			};
			name = Debug;
		};
		62387145AEBD199A752D9322 /* Debug */ = {
			isa = XCBuildConfiguration;
			buildSettings = {
				ALWAYS_SEARCH_USER_PATHS = NO;
				CLANG_ANALYZER_NONNULL = YES;
				CLANG_ANALYZER_NUMBER_OBJECT_CONVERSION = YES_AGGRESSIVE;
				CLANG_CXX_LANGUAGE_STANDARD = "gnu++14";
				CLANG_CXX_LIBRARY = "libc++";
				CLANG_ENABLE_MODULES = YES;
				CLANG_ENABLE_OBJC_ARC = YES;
				CLANG_ENABLE_OBJC_WEAK = YES;
				CLANG_WARN_BLOCK_CAPTURE_AUTORELEASING = YES;
				CLANG_WARN_BOOL_CONVERSION = YES;
				CLANG_WARN_COMMA = YES;
				CLANG_WARN_CONSTANT_CONVERSION = YES;
				CLANG_WARN_DEPRECATED_OBJC_IMPLEMENTATIONS = YES;
				CLANG_WARN_DIRECT_OBJC_ISA_USAGE = YES_ERROR;
				CLANG_WARN_DOCUMENTATION_COMMENTS = YES;
				CLANG_WARN_EMPTY_BODY = YES;
				CLANG_WARN_ENUM_CONVERSION = YES;
				CLANG_WARN_INFINITE_RECURSION = YES;
				CLANG_WARN_INT_CONVERSION = YES;
				CLANG_WARN_NON_LITERAL_NULL_CONVERSION = YES;
				CLANG_WARN_OBJC_IMPLICIT_RETAIN_SELF = YES;
				CLANG_WARN_OBJC_LITERAL_CONVERSION = YES;
				CLANG_WARN_OBJC_ROOT_CLASS = YES_ERROR;
				CLANG_WARN_QUOTED_INCLUDE_IN_FRAMEWORK_HEADER = YES;
				CLANG_WARN_RANGE_LOOP_ANALYSIS = YES;
				CLANG_WARN_STRICT_PROTOTYPES = YES;
				CLANG_WARN_SUSPICIOUS_MOVE = YES;
				CLANG_WARN_UNGUARDED_AVAILABILITY = YES_AGGRESSIVE;
				CLANG_WARN_UNREACHABLE_CODE = YES;
				CLANG_WARN__DUPLICATE_METHOD_MATCH = YES;
				COPY_PHASE_STRIP = NO;
				DEBUG_INFORMATION_FORMAT = dwarf;
				ENABLE_STRICT_OBJC_MSGSEND = YES;
				ENABLE_TESTABILITY = YES;
				GCC_C_LANGUAGE_STANDARD = gnu11;
				GCC_DYNAMIC_NO_PIC = NO;
				GCC_NO_COMMON_BLOCKS = YES;
				GCC_OPTIMIZATION_LEVEL = 0;
				GCC_PREPROCESSOR_DEFINITIONS = (
					"$(inherited)",
					"DEBUG=1",
				);
				GCC_WARN_64_TO_32_BIT_CONVERSION = YES;
				GCC_WARN_ABOUT_RETURN_TYPE = YES_ERROR;
				GCC_WARN_UNDECLARED_SELECTOR = YES;
				GCC_WARN_UNINITIALIZED_AUTOS = YES_AGGRESSIVE;
				GCC_WARN_UNUSED_FUNCTION = YES;
				GCC_WARN_UNUSED_VARIABLE = YES;
				IPHONEOS_DEPLOYMENT_TARGET = 17.0;
				MTL_ENABLE_DEBUG_INFO = INCLUDE_SOURCE;
				MTL_FAST_MATH = YES;
				ONLY_ACTIVE_ARCH = YES;
				PRODUCT_NAME = "$(TARGET_NAME)";
				SDKROOT = iphoneos;
				SWIFT_ACTIVE_COMPILATION_CONDITIONS = DEBUG;
				SWIFT_OPTIMIZATION_LEVEL = "-Onone";
				SWIFT_VERSION = 6.0;
			};
			name = Debug;
		};
		A7499F0D22B4CBF7CC6251A6 /* Debug */ = {
			isa = XCBuildConfiguration;
			buildSettings = {
				ASSETCATALOG_COMPILER_APPICON_NAME = AppIcon;
				CODE_SIGN_IDENTITY = "iPhone Developer";
				CURRENT_PROJECT_VERSION = 1;
				GENERATE_INFOPLIST_FILE = NO;
				INFOPLIST_FILE = solution/Info.plist;
				IPHONEOS_DEPLOYMENT_TARGET = 17.0;
				LD_RUNPATH_SEARCH_PATHS = (
					"$(inherited)",
					"@executable_path/Frameworks",
				);
				MARKETING_VERSION = 1.2;
				PRODUCT_BUNDLE_IDENTIFIER = sg.tertiary.course.activity02domaincore;
				SDKROOT = iphoneos;
				TARGETED_DEVICE_FAMILY = "1,2";
			};
			name = Debug;
		};
		CD428BAE3F2A10E5434ADB9C /* Release */ = {
			isa = XCBuildConfiguration;
			buildSettings = {
				BUNDLE_LOADER = "$(TEST_HOST)";
				IPHONEOS_DEPLOYMENT_TARGET = 17.0;
				LD_RUNPATH_SEARCH_PATHS = (
					"$(inherited)",
					"@executable_path/Frameworks",
					"@loader_path/Frameworks",
				);
				PRODUCT_BUNDLE_IDENTIFIER = sg.tertiary.course.Activity02DomainCoreTests;
				SDKROOT = iphoneos;
				TARGETED_DEVICE_FAMILY = "1,2";
				TEST_HOST = "$(BUILT_PRODUCTS_DIR)/Activity02DomainCore.app/Activity02DomainCore";
			};
			name = Release;
		};
/* End XCBuildConfiguration section */

/* Begin XCConfigurationList section */
		4587CC63F0F61D7B286D2F1E /* Build configuration list for PBXProject "Activity02DomainCore" */ = {
			isa = XCConfigurationList;
			buildConfigurations = (
				62387145AEBD199A752D9322 /* Debug */,
				14147239F8FA3C0A5E5C0E49 /* Release */,
			);
			defaultConfigurationIsVisible = 0;
			defaultConfigurationName = Debug;
		};
		5241E2E4296EA5D9F3C974A0 /* Build configuration list for PBXNativeTarget "Activity02DomainCoreTests" */ = {
			isa = XCConfigurationList;
			buildConfigurations = (
				46538F585C492610EE8A8826 /* Debug */,
				CD428BAE3F2A10E5434ADB9C /* Release */,
			);
			defaultConfigurationIsVisible = 0;
			defaultConfigurationName = Debug;
		};
		F3AEAC40BE1DC47FE54F994E /* Build configuration list for PBXNativeTarget "Activity02DomainCore" */ = {
			isa = XCConfigurationList;
			buildConfigurations = (
				A7499F0D22B4CBF7CC6251A6 /* Debug */,
				060355CF8C2427F0E5CB4C71 /* Release */,
			);
			defaultConfigurationIsVisible = 0;
			defaultConfigurationName = Debug;
		};
/* End XCConfigurationList section */
	};
	rootObject = 483EB11475336ABD13DE2AED /* Project object */;
}
