// !$*UTF8*$!
{
	archiveVersion = 1;
	classes = {
	};
	objectVersion = 77;
	objects = {

/* Begin PBXBuildFile section */
		1AE6937CB4489BBCEF547483 /* AppModelTests.swift in Sources */ = {isa = PBXBuildFile; fileRef = CFFAD1756B09AA8E3E997AA3 /* AppModelTests.swift */; };
		2AE9D6321D90226209E2CFDC /* Assets.xcassets in Resources */ = {isa = PBXBuildFile; fileRef = 9A95FC48166D9C23B63EB595 /* Assets.xcassets */; };
		441617D65FA3C2468A34D0F4 /* PrivacyInfo.xcprivacy in Resources */ = {isa = PBXBuildFile; fileRef = 3D7E3FED9BAF46C00F3C6C92 /* PrivacyInfo.xcprivacy */; };
		63AEA7006CBF512962649BED /* Components.swift in Sources */ = {isa = PBXBuildFile; fileRef = 4F9BC444BD560609065A2ECC /* Components.swift */; };
		EDA188783104212D54B1A0AD /* App.swift in Sources */ = {isa = PBXBuildFile; fileRef = 30BEE754AF0CFAEF71DBA2D7 /* App.swift */; };
/* End PBXBuildFile section */

/* Begin PBXContainerItemProxy section */
		8AE6B31C0AC9970B80FA4B14 /* PBXContainerItemProxy */ = {
			isa = PBXContainerItemProxy;
			containerPortal = 2C8E97CE78ABB5ABE4C3C7C9 /* Project object */;
			proxyType = 1;
			remoteGlobalIDString = A7615B510EEC91E869B439C0;
			remoteInfo = Activity03RepairLoop;
		};
/* End PBXContainerItemProxy section */

/* Begin PBXFileReference section */
		30BEE754AF0CFAEF71DBA2D7 /* App.swift */ = {isa = PBXFileReference; lastKnownFileType = sourcecode.swift; path = App.swift; sourceTree = "<group>"; };
		3D7E3FED9BAF46C00F3C6C92 /* PrivacyInfo.xcprivacy */ = {isa = PBXFileReference; path = PrivacyInfo.xcprivacy; sourceTree = "<group>"; };
		4F9BC444BD560609065A2ECC /* Components.swift */ = {isa = PBXFileReference; lastKnownFileType = sourcecode.swift; path = Components.swift; sourceTree = "<group>"; };
		69B5585511F28B7D4B8A8F21 /* Activity03RepairLoopTests.xctest */ = {isa = PBXFileReference; includeInIndex = 0; lastKnownFileType = wrapper.cfbundle; path = Activity03RepairLoopTests.xctest; sourceTree = BUILT_PRODUCTS_DIR; };
		9A95FC48166D9C23B63EB595 /* Assets.xcassets */ = {isa = PBXFileReference; lastKnownFileType = folder.assetcatalog; path = Assets.xcassets; sourceTree = "<group>"; };
		CFFAD1756B09AA8E3E997AA3 /* AppModelTests.swift */ = {isa = PBXFileReference; lastKnownFileType = sourcecode.swift; path = AppModelTests.swift; sourceTree = "<group>"; };
		E263C3267B996A668CDC4419 /* Activity03RepairLoop.app */ = {isa = PBXFileReference; includeInIndex = 0; lastKnownFileType = wrapper.application; path = Activity03RepairLoop.app; sourceTree = BUILT_PRODUCTS_DIR; };
/* End PBXFileReference section */

/* Begin PBXGroup section */
		33D252C2BEF443630E67AB5B /* Products */ = {
			isa = PBXGroup;
			children = (
				E263C3267B996A668CDC4419 /* Activity03RepairLoop.app */,
				69B5585511F28B7D4B8A8F21 /* Activity03RepairLoopTests.xctest */,
			);
			name = Products;
			sourceTree = "<group>";
		};
		455B5E2B73991C718BB08B50 /* AppTests */ = {
			isa = PBXGroup;
			children = (
				CFFAD1756B09AA8E3E997AA3 /* AppModelTests.swift */,
			);
			name = AppTests;
			path = solution/AppTests;
			sourceTree = "<group>";
		};
		8B4B6EC0B1394A2536048713 /* solution */ = {
			isa = PBXGroup;
			children = (
				9A95FC48166D9C23B63EB595 /* Assets.xcassets */,
				3D7E3FED9BAF46C00F3C6C92 /* PrivacyInfo.xcprivacy */,
			);
			path = solution;
			sourceTree = "<group>";
		};
		9B07D6224E732DA8CFB685EE = {
			isa = PBXGroup;
			children = (
				455B5E2B73991C718BB08B50 /* AppTests */,
				8B4B6EC0B1394A2536048713 /* solution */,
				FD45CCC9F21CAE1A2F2FDC31 /* Sources */,
				33D252C2BEF443630E67AB5B /* Products */,
			);
			sourceTree = "<group>";
		};
		FD45CCC9F21CAE1A2F2FDC31 /* Sources */ = {
			isa = PBXGroup;
			children = (
				30BEE754AF0CFAEF71DBA2D7 /* App.swift */,
				4F9BC444BD560609065A2ECC /* Components.swift */,
			);
			name = Sources;
			path = solution/Sources;
			sourceTree = "<group>";
		};
/* End PBXGroup section */

/* Begin PBXNativeTarget section */
		A7615B510EEC91E869B439C0 /* Activity03RepairLoop */ = {
			isa = PBXNativeTarget;
			buildConfigurationList = 06C50D61994C44904E50FF01 /* Build configuration list for PBXNativeTarget "Activity03RepairLoop" */;
			buildPhases = (
				D35463270C7001292BA9E21C /* Sources */,
				B87C2C868ABD357CDC7E1AD8 /* Resources */,
			);
			buildRules = (
			);
			dependencies = (
			);
			name = Activity03RepairLoop;
			packageProductDependencies = (
			);
			productName = Activity03RepairLoop;
			productReference = E263C3267B996A668CDC4419 /* Activity03RepairLoop.app */;
			productType = "com.apple.product-type.application";
		};
		A767CE57EC00EC52F663C5B7 /* Activity03RepairLoopTests */ = {
			isa = PBXNativeTarget;
			buildConfigurationList = 5E7305698B1604DAAE61680F /* Build configuration list for PBXNativeTarget "Activity03RepairLoopTests" */;
			buildPhases = (
				24D28A583BC754EB79C863D6 /* Sources */,
			);
			buildRules = (
			);
			dependencies = (
				623059D17FCDC95ED448CECC /* PBXTargetDependency */,
			);
			name = Activity03RepairLoopTests;
			packageProductDependencies = (
			);
			productName = Activity03RepairLoopTests;
			productReference = 69B5585511F28B7D4B8A8F21 /* Activity03RepairLoopTests.xctest */;
			productType = "com.apple.product-type.bundle.unit-test";
		};
/* End PBXNativeTarget section */

/* Begin PBXProject section */
		2C8E97CE78ABB5ABE4C3C7C9 /* Project object */ = {
			isa = PBXProject;
			attributes = {
				BuildIndependentTargetsInParallel = YES;
				LastUpgradeCheck = 1430;
				TargetAttributes = {
				};
			};
			buildConfigurationList = C2FBDA3BEB8F5960B79C7176 /* Build configuration list for PBXProject "Activity03RepairLoop" */;
			developmentRegion = en;
			hasScannedForEncodings = 0;
			knownRegions = (
				Base,
				en,
			);
			mainGroup = 9B07D6224E732DA8CFB685EE;
			minimizedProjectReferenceProxies = 1;
			preferredProjectObjectVersion = 77;
			productRefGroup = 33D252C2BEF443630E67AB5B /* Products */;
			projectDirPath = "";
			projectRoot = "";
			targets = (
				A7615B510EEC91E869B439C0 /* Activity03RepairLoop */,
				A767CE57EC00EC52F663C5B7 /* Activity03RepairLoopTests */,
			);
		};
/* End PBXProject section */

/* Begin PBXResourcesBuildPhase section */
		B87C2C868ABD357CDC7E1AD8 /* Resources */ = {
			isa = PBXResourcesBuildPhase;
			buildActionMask = 2147483647;
			files = (
				2AE9D6321D90226209E2CFDC /* Assets.xcassets in Resources */,
				441617D65FA3C2468A34D0F4 /* PrivacyInfo.xcprivacy in Resources */,
			);
			runOnlyForDeploymentPostprocessing = 0;
		};
/* End PBXResourcesBuildPhase section */

/* Begin PBXSourcesBuildPhase section */
		24D28A583BC754EB79C863D6 /* Sources */ = {
			isa = PBXSourcesBuildPhase;
			buildActionMask = 2147483647;
			files = (
				1AE6937CB4489BBCEF547483 /* AppModelTests.swift in Sources */,
			);
			runOnlyForDeploymentPostprocessing = 0;
		};
		D35463270C7001292BA9E21C /* Sources */ = {
			isa = PBXSourcesBuildPhase;
			buildActionMask = 2147483647;
			files = (
				EDA188783104212D54B1A0AD /* App.swift in Sources */,
				63AEA7006CBF512962649BED /* Components.swift in Sources */,
			);
			runOnlyForDeploymentPostprocessing = 0;
		};
/* End PBXSourcesBuildPhase section */

/* Begin PBXTargetDependency section */
		623059D17FCDC95ED448CECC /* PBXTargetDependency */ = {
			isa = PBXTargetDependency;
			target = A7615B510EEC91E869B439C0 /* Activity03RepairLoop */;
			targetProxy = 8AE6B31C0AC9970B80FA4B14 /* PBXContainerItemProxy */;
		};
/* End PBXTargetDependency section */

/* Begin XCBuildConfiguration section */
		7A2D831EBBA3A55AEB208B21 /* Debug */ = {
			isa = XCBuildConfiguration;
			buildSettings = {
				ASSETCATALOG_COMPILER_APPICON_NAME = AppIcon;
				CODE_SIGN_IDENTITY = "iPhone Developer";
				CURRENT_PROJECT_VERSION = 1;
				GENERATE_INFOPLIST_FILE = NO;
				INFOPLIST_FILE = solution/Info.plist;
				IPHONEOS_DEPLOYMENT_TARGET = 17.0;
				LD_RUNPATH_SEARCH_PATHS = (
					"$(inherited)",
					"@executable_path/Frameworks",
				);
				MARKETING_VERSION = 1.2;
				PRODUCT_BUNDLE_IDENTIFIER = sg.tertiary.course.activity03repairloop;
				SDKROOT = iphoneos;
				TARGETED_DEVICE_FAMILY = "1,2";
			};
			name = Debug;
		};
		84F85A79EB7E3663E1D296BC /* Release */ = {
			isa = XCBuildConfiguration;
			buildSettings = {
				ALWAYS_SEARCH_USER_PATHS = NO;
				CLANG_ANALYZER_NONNULL = YES;
				CLANG_ANALYZER_NUMBER_OBJECT_CONVERSION = YES_AGGRESSIVE;
				CLANG_CXX_LANGUAGE_STANDARD = "gnu++14";
				CLANG_CXX_LIBRARY = "libc++";
				CLANG_ENABLE_MODULES = YES;
				CLANG_ENABLE_OBJC_ARC = YES;
				CLANG_ENABLE_OBJC_WEAK = YES;
				CLANG_WARN_BLOCK_CAPTURE_AUTORELEASING = YES;
				CLANG_WARN_BOOL_CONVERSION = YES;
				CLANG_WARN_COMMA = YES;
				CLANG_WARN_CONSTANT_CONVERSION = YES;
				CLANG_WARN_DEPRECATED_OBJC_IMPLEMENTATIONS = YES;
				CLANG_WARN_DIRECT_OBJC_ISA_USAGE = YES_ERROR;
				CLANG_WARN_DOCUMENTATION_COMMENTS = YES;
				CLANG_WARN_EMPTY_BODY = YES;
				CLANG_WARN_ENUM_CONVERSION = YES;
				CLANG_WARN_INFINITE_RECURSION = YES;
				CLANG_WARN_INT_CONVERSION = YES;
				CLANG_WARN_NON_LITERAL_NULL_CONVERSION = YES;
				CLANG_WARN_OBJC_IMPLICIT_RETAIN_SELF = YES;
				CLANG_WARN_OBJC_LITERAL_CONVERSION = YES;
				CLANG_WARN_OBJC_ROOT_CLASS = YES_ERROR;
				CLANG_WARN_QUOTED_INCLUDE_IN_FRAMEWORK_HEADER = YES;
				CLANG_WARN_RANGE_LOOP_ANALYSIS = YES;
				CLANG_WARN_STRICT_PROTOTYPES = YES;
				CLANG_WARN_SUSPICIOUS_MOVE = YES;
				CLANG_WARN_UNGUARDED_AVAILABILITY = YES_AGGRESSIVE;
				CLANG_WARN_UNREACHABLE_CODE = YES;
				CLANG_WARN__DUPLICATE_METHOD_MATCH = YES;
				COPY_PHASE_STRIP = NO;
				DEBUG_INFORMATION_FORMAT = "dwarf-with-dsym";
				ENABLE_NS_ASSERTIONS = NO;
				ENABLE_STRICT_OBJC_MSGSEND = YES;
				GCC_C_LANGUAGE_STANDARD = gnu11;
				GCC_NO_COMMON_BLOCKS = YES;
				GCC_WARN_64_TO_32_BIT_CONVERSION = YES;
				GCC_WARN_ABOUT_RETURN_TYPE = YES_ERROR;
				GCC_WARN_UNDECLARED_SELECTOR = YES;
				GCC_WARN_UNINITIALIZED_AUTOS = YES_AGGRESSIVE;
				GCC_WARN_UNUSED_FUNCTION = YES;
				GCC_WARN_UNUSED_VARIABLE = YES;
				IPHONEOS_DEPLOYMENT_TARGET = 17.0;
				MTL_ENABLE_DEBUG_INFO = NO;
				MTL_FAST_MATH = YES;
				PRODUCT_NAME = "$(TARGET_NAME)";
				SDKROOT = iphoneos;
				SWIFT_COMPILATION_MODE = wholemodule;
				SWIFT_OPTIMIZATION_LEVEL = "-O";
				SWIFT_VERSION = 6.0;
			};
			name = Release;
		};
		99CE2ED39F5D6DFECE00BB7F /* Release */ = {
			isa = XCBuildConfiguration;
			buildSettings = {
				BUNDLE_LOADER = "$(TEST_HOST)";
				IPHONEOS_DEPLOYMENT_TARGET = 17.0;
				LD_RUNPATH_SEARCH_PATHS = (
					"$(inherited)",
					"@executable_path/Frameworks",
					"@loader_path/Frameworks",
				);
				PRODUCT_BUNDLE_IDENTIFIER = sg.tertiary.course.Activity03RepairLoopTests;
				SDKROOT = iphoneos;
				TARGETED_DEVICE_FAMILY = "1,2";
				TEST_HOST = "$(BUILT_PRODUCTS_DIR)/Activity03RepairLoop.app/Activity03RepairLoop";
			};
			name = Release;
		};
		BD00AFFF2DEABB1A09E0854F /* Release */ = {
			isa = XCBuildConfiguration;
			buildSettings = {
				ASSETCATALOG_COMPILER_APPICON_NAME = AppIcon;
				CODE_SIGN_IDENTITY = "iPhone Developer";
				CURRENT_PROJECT_VERSION = 1;
				GENERATE_INFOPLIST_FILE = NO;
				INFOPLIST_FILE = solution/Info.plist;
				IPHONEOS_DEPLOYMENT_TARGET = 17.0;
				LD_RUNPATH_SEARCH_PATHS = (
					"$(inherited)",
					"@executable_path/Frameworks",
				);
				MARKETING_VERSION = 1.2;
				PRODUCT_BUNDLE_IDENTIFIER = sg.tertiary.course.activity03repairloop;
				SDKROOT = iphoneos;
				TARGETED_DEVICE_FAMILY = "1,2";
			};
			name = Release;
		};
		E645980952843F8C632CBF3B /* Debug */ = {
			isa = XCBuildConfiguration;
			buildSettings = {
				ALWAYS_SEARCH_USER_PATHS = NO;
				CLANG_ANALYZER_NONNULL = YES;
				CLANG_ANALYZER_NUMBER_OBJECT_CONVERSION = YES_AGGRESSIVE;
				CLANG_CXX_LANGUAGE_STANDARD = "gnu++14";
				CLANG_CXX_LIBRARY = "libc++";
				CLANG_ENABLE_MODULES = YES;
				CLANG_ENABLE_OBJC_ARC = YES;
				CLANG_ENABLE_OBJC_WEAK = YES;
				CLANG_WARN_BLOCK_CAPTURE_AUTORELEASING = YES;
				CLANG_WARN_BOOL_CONVERSION = YES;
				CLANG_WARN_COMMA = YES;
				CLANG_WARN_CONSTANT_CONVERSION = YES;
				CLANG_WARN_DEPRECATED_OBJC_IMPLEMENTATIONS = YES;
				CLANG_WARN_DIRECT_OBJC_ISA_USAGE = YES_ERROR;
				CLANG_WARN_DOCUMENTATION_COMMENTS = YES;
				CLANG_WARN_EMPTY_BODY = YES;
				CLANG_WARN_ENUM_CONVERSION = YES;
				CLANG_WARN_INFINITE_RECURSION = YES;
				CLANG_WARN_INT_CONVERSION = YES;
				CLANG_WARN_NON_LITERAL_NULL_CONVERSION = YES;
				CLANG_WARN_OBJC_IMPLICIT_RETAIN_SELF = YES;
				CLANG_WARN_OBJC_LITERAL_CONVERSION = YES;
				CLANG_WARN_OBJC_ROOT_CLASS = YES_ERROR;
				CLANG_WARN_QUOTED_INCLUDE_IN_FRAMEWORK_HEADER = YES;
				CLANG_WARN_RANGE_LOOP_ANALYSIS = YES;
				CLANG_WARN_STRICT_PROTOTYPES = YES;
				CLANG_WARN_SUSPICIOUS_MOVE = YES;
				CLANG_WARN_UNGUARDED_AVAILABILITY = YES_AGGRESSIVE;
				CLANG_WARN_UNREACHABLE_CODE = YES;
				CLANG_WARN__DUPLICATE_METHOD_MATCH = YES;
				COPY_PHASE_STRIP = NO;
				DEBUG_INFORMATION_FORMAT = dwarf;
				ENABLE_STRICT_OBJC_MSGSEND = YES;
				ENABLE_TESTABILITY = YES;
				GCC_C_LANGUAGE_STANDARD = gnu11;
				GCC_DYNAMIC_NO_PIC = NO;
				GCC_NO_COMMON_BLOCKS = YES;
				GCC_OPTIMIZATION_LEVEL = 0;
				GCC_PREPROCESSOR_DEFINITIONS = (
					"$(inherited)",
					"DEBUG=1",
				);
				GCC_WARN_64_TO_32_BIT_CONVERSION = YES;
				GCC_WARN_ABOUT_RETURN_TYPE = YES_ERROR;
				GCC_WARN_UNDECLARED_SELECTOR = YES;
				GCC_WARN_UNINITIALIZED_AUTOS = YES_AGGRESSIVE;
				GCC_WARN_UNUSED_FUNCTION = YES;
				GCC_WARN_UNUSED_VARIABLE = YES;
				IPHONEOS_DEPLOYMENT_TARGET = 17.0;
				MTL_ENABLE_DEBUG_INFO = INCLUDE_SOURCE;
				MTL_FAST_MATH = YES;
				ONLY_ACTIVE_ARCH = YES;
				PRODUCT_NAME = "$(TARGET_NAME)";
				SDKROOT = iphoneos;
				SWIFT_ACTIVE_COMPILATION_CONDITIONS = DEBUG;
				SWIFT_OPTIMIZATION_LEVEL = "-Onone";
				SWIFT_VERSION = 6.0;
			};
			name = Debug;
		};
		E68A8D708C58C6C6DD56AF0B /* Debug */ = {
			isa = XCBuildConfiguration;
			buildSettings = {
				BUNDLE_LOADER = "$(TEST_HOST)";
				IPHONEOS_DEPLOYMENT_TARGET = 17.0;
				LD_RUNPATH_SEARCH_PATHS = (
					"$(inherited)",
					"@executable_path/Frameworks",
					"@loader_path/Frameworks",
				);
				PRODUCT_BUNDLE_IDENTIFIER = sg.tertiary.course.Activity03RepairLoopTests;
				SDKROOT = iphoneos;
				TARGETED_DEVICE_FAMILY = "1,2";
				TEST_HOST = "$(BUILT_PRODUCTS_DIR)/Activity03RepairLoop.app/Activity03RepairLoop";
			};
			name = Debug;
		};
/* End XCBuildConfiguration section */

/* Begin XCConfigurationList section */
		06C50D61994C44904E50FF01 /* Build configuration list for PBXNativeTarget "Activity03RepairLoop" */ = {
			isa = XCConfigurationList;
			buildConfigurations = (
				7A2D831EBBA3A55AEB208B21 /* Debug */,
				BD00AFFF2DEABB1A09E0854F /* Release */,
			);
			defaultConfigurationIsVisible = 0;
			defaultConfigurationName = Debug;
		};
		5E7305698B1604DAAE61680F /* Build configuration list for PBXNativeTarget "Activity03RepairLoopTests" */ = {
			isa = XCConfigurationList;
			buildConfigurations = (
				E68A8D708C58C6C6DD56AF0B /* Debug */,
				99CE2ED39F5D6DFECE00BB7F /* Release */,
			);
			defaultConfigurationIsVisible = 0;
			defaultConfigurationName = Debug;
		};
		C2FBDA3BEB8F5960B79C7176 /* Build configuration list for PBXProject "Activity03RepairLoop" */ = {
			isa = XCConfigurationList;
			buildConfigurations = (
				E645980952843F8C632CBF3B /* Debug */,
				84F85A79EB7E3663E1D296BC /* Release */,
			);
			defaultConfigurationIsVisible = 0;
			defaultConfigurationName = Debug;
		};
/* End XCConfigurationList section */
	};
	rootObject = 2C8E97CE78ABB5ABE4C3C7C9 /* Project object */;
}
