// !$*UTF8*$!
{
	archiveVersion = 1;
	classes = {
	};
	objectVersion = 77;
	objects = {

/* Begin PBXBuildFile section */
		050A0F30D51254939D818F22 /* AppModelTests.swift in Sources */ = {isa = PBXBuildFile; fileRef = B594B18809D268ABE13AC7C2 /* AppModelTests.swift */; };
		0691CE42CF0409A36736B6B7 /* App.swift in Sources */ = {isa = PBXBuildFile; fileRef = CBB4BD726126862F5F257153 /* App.swift */; };
		3D4706CCE15BAA1907E8E89E /* Components.swift in Sources */ = {isa = PBXBuildFile; fileRef = 2BB6028DD5571933DFFDC342 /* Components.swift */; };
		45A195A0B287B8B217856C6E /* PrivacyInfo.xcprivacy in Resources */ = {isa = PBXBuildFile; fileRef = DB31F498705E86170F25714E /* PrivacyInfo.xcprivacy */; };
		81F1F91EFF9700F7C567273C /* Assets.xcassets in Resources */ = {isa = PBXBuildFile; fileRef = 879DD67F5107A7928EABEB90 /* Assets.xcassets */; };
/* End PBXBuildFile section */

/* Begin PBXContainerItemProxy section */
		57123A3DBFF460B6B85B709C /* PBXContainerItemProxy */ = {
			isa = PBXContainerItemProxy;
			containerPortal = 16DE7AD58BD73F32CEBAE5BE /* Project object */;
			proxyType = 1;
			remoteGlobalIDString = B70C78F81F7BA1A6C35C28A6;
			remoteInfo = Activity09Architecture;
		};
/* End PBXContainerItemProxy section */

/* Begin PBXFileReference section */
		2BB6028DD5571933DFFDC342 /* Components.swift */ = {isa = PBXFileReference; lastKnownFileType = sourcecode.swift; path = Components.swift; sourceTree = "<group>"; };
		72BEB155010C4E3C45DB47E5 /* Activity09Architecture.app */ = {isa = PBXFileReference; includeInIndex = 0; lastKnownFileType = wrapper.application; path = Activity09Architecture.app; sourceTree = BUILT_PRODUCTS_DIR; };
		879DD67F5107A7928EABEB90 /* Assets.xcassets */ = {isa = PBXFileReference; lastKnownFileType = folder.assetcatalog; path = Assets.xcassets; sourceTree = "<group>"; };
		B594B18809D268ABE13AC7C2 /* AppModelTests.swift */ = {isa = PBXFileReference; lastKnownFileType = sourcecode.swift; path = AppModelTests.swift; sourceTree = "<group>"; };
		CBB4BD726126862F5F257153 /* App.swift */ = {isa = PBXFileReference; lastKnownFileType = sourcecode.swift; path = App.swift; sourceTree = "<group>"; };
		D909CE6AFC685E13C543032B /* Activity09ArchitectureTests.xctest */ = {isa = PBXFileReference; includeInIndex = 0; lastKnownFileType = wrapper.cfbundle; path = Activity09ArchitectureTests.xctest; sourceTree = BUILT_PRODUCTS_DIR; };
		DB31F498705E86170F25714E /* PrivacyInfo.xcprivacy */ = {isa = PBXFileReference; path = PrivacyInfo.xcprivacy; sourceTree = "<group>"; };
/* End PBXFileReference section */

/* Begin PBXGroup section */
		05215BE829464B1EB98B806F /* Sources */ = {
			isa = PBXGroup;
			children = (
				CBB4BD726126862F5F257153 /* App.swift */,
				2BB6028DD5571933DFFDC342 /* Components.swift */,
			);
			name = Sources;
			path = solution/Sources;
			sourceTree = "<group>";
		};
		1D1AC754535DAA4362FC5982 = {
			isa = PBXGroup;
			children = (
				BE63AC7FD7653A6DE52ADF9E /* AppTests */,
				9EA5248F26CC8049FA332687 /* solution */,
				05215BE829464B1EB98B806F /* Sources */,
				6B239D55E7D5E9968781D923 /* Products */,
			);
			sourceTree = "<group>";
		};
		6B239D55E7D5E9968781D923 /* Products */ = {
			isa = PBXGroup;
			children = (
				72BEB155010C4E3C45DB47E5 /* Activity09Architecture.app */,
				D909CE6AFC685E13C543032B /* Activity09ArchitectureTests.xctest */,
			);
			name = Products;
			sourceTree = "<group>";
		};
		9EA5248F26CC8049FA332687 /* solution */ = {
			isa = PBXGroup;
			children = (
				879DD67F5107A7928EABEB90 /* Assets.xcassets */,
				DB31F498705E86170F25714E /* PrivacyInfo.xcprivacy */,
			);
			path = solution;
			sourceTree = "<group>";
		};
		BE63AC7FD7653A6DE52ADF9E /* AppTests */ = {
			isa = PBXGroup;
			children = (
				B594B18809D268ABE13AC7C2 /* AppModelTests.swift */,
			);
			name = AppTests;
			path = solution/AppTests;
			sourceTree = "<group>";
		};
/* End PBXGroup section */

/* Begin PBXNativeTarget section */
		B70C78F81F7BA1A6C35C28A6 /* Activity09Architecture */ = {
			isa = PBXNativeTarget;
			buildConfigurationList = 964132F18D3F8FC3580B0868 /* Build configuration list for PBXNativeTarget "Activity09Architecture" */;
			buildPhases = (
				554BB414C8FD2087C7BF0D0A /* Sources */,
				7D1C292E006E20DC29D43AAE /* Resources */,
			);
			buildRules = (
			);
			dependencies = (
			);
			name = Activity09Architecture;
			packageProductDependencies = (
			);
			productName = Activity09Architecture;
			productReference = 72BEB155010C4E3C45DB47E5 /* Activity09Architecture.app */;
			productType = "com.apple.product-type.application";
		};
		CA4C671B5F8519593B5AD44F /* Activity09ArchitectureTests */ = {
			isa = PBXNativeTarget;
			buildConfigurationList = 40AE0C24DD2B8E961B04D552 /* Build configuration list for PBXNativeTarget "Activity09ArchitectureTests" */;
			buildPhases = (
				2CAB19A5902E9C67B9F99429 /* Sources */,
			);
			buildRules = (
			);
			dependencies = (
				F34E7C20959D91F1440A1807 /* PBXTargetDependency */,
			);
			name = Activity09ArchitectureTests;
			packageProductDependencies = (
			);
			productName = Activity09ArchitectureTests;
			productReference = D909CE6AFC685E13C543032B /* Activity09ArchitectureTests.xctest */;
			productType = "com.apple.product-type.bundle.unit-test";
		};
/* End PBXNativeTarget section */

/* Begin PBXProject section */
		16DE7AD58BD73F32CEBAE5BE /* Project object */ = {
			isa = PBXProject;
			attributes = {
				BuildIndependentTargetsInParallel = YES;
				LastUpgradeCheck = 1430;
				TargetAttributes = {
				};
			};
			buildConfigurationList = 9F013091FE6908776C3A89D9 /* Build configuration list for PBXProject "Activity09Architecture" */;
			developmentRegion = en;
			hasScannedForEncodings = 0;
			knownRegions = (
				Base,
				en,
			);
			mainGroup = 1D1AC754535DAA4362FC5982;
			minimizedProjectReferenceProxies = 1;
			preferredProjectObjectVersion = 77;
			productRefGroup = 6B239D55E7D5E9968781D923 /* Products */;
			projectDirPath = "";
			projectRoot = "";
			targets = (
				B70C78F81F7BA1A6C35C28A6 /* Activity09Architecture */,
				CA4C671B5F8519593B5AD44F /* Activity09ArchitectureTests */,
			);
		};
/* End PBXProject section */

/* Begin PBXResourcesBuildPhase section */
		7D1C292E006E20DC29D43AAE /* Resources */ = {
			isa = PBXResourcesBuildPhase;
			buildActionMask = 2147483647;
			files = (
				81F1F91EFF9700F7C567273C /* Assets.xcassets in Resources */,
				45A195A0B287B8B217856C6E /* PrivacyInfo.xcprivacy in Resources */,
			);
			runOnlyForDeploymentPostprocessing = 0;
		};
/* End PBXResourcesBuildPhase section */

/* Begin PBXSourcesBuildPhase section */
		2CAB19A5902E9C67B9F99429 /* Sources */ = {
			isa = PBXSourcesBuildPhase;
			buildActionMask = 2147483647;
			files = (
				050A0F30D51254939D818F22 /* AppModelTests.swift in Sources */,
			);
			runOnlyForDeploymentPostprocessing = 0;
		};
		554BB414C8FD2087C7BF0D0A /* Sources */ = {
			isa = PBXSourcesBuildPhase;
			buildActionMask = 2147483647;
			files = (
				0691CE42CF0409A36736B6B7 /* App.swift in Sources */,
				3D4706CCE15BAA1907E8E89E /* Components.swift in Sources */,
			);
			runOnlyForDeploymentPostprocessing = 0;
		};
/* End PBXSourcesBuildPhase section */

/* Begin PBXTargetDependency section */
		F34E7C20959D91F1440A1807 /* PBXTargetDependency */ = {
			isa = PBXTargetDependency;
			target = B70C78F81F7BA1A6C35C28A6 /* Activity09Architecture */;
			targetProxy = 57123A3DBFF460B6B85B709C /* PBXContainerItemProxy */;
		};
/* End PBXTargetDependency section */

/* Begin XCBuildConfiguration section */
		327E34314D2CA72F15DDD614 /* Debug */ = {
			isa = XCBuildConfiguration;
			buildSettings = {
				ALWAYS_SEARCH_USER_PATHS = NO;
				CLANG_ANALYZER_NONNULL = YES;
				CLANG_ANALYZER_NUMBER_OBJECT_CONVERSION = YES_AGGRESSIVE;
				CLANG_CXX_LANGUAGE_STANDARD = "gnu++14";
				CLANG_CXX_LIBRARY = "libc++";
				CLANG_ENABLE_MODULES = YES;
				CLANG_ENABLE_OBJC_ARC = YES;
				CLANG_ENABLE_OBJC_WEAK = YES;
				CLANG_WARN_BLOCK_CAPTURE_AUTORELEASING = YES;
				CLANG_WARN_BOOL_CONVERSION = YES;
				CLANG_WARN_COMMA = YES;
				CLANG_WARN_CONSTANT_CONVERSION = YES;
				CLANG_WARN_DEPRECATED_OBJC_IMPLEMENTATIONS = YES;
				CLANG_WARN_DIRECT_OBJC_ISA_USAGE = YES_ERROR;
				CLANG_WARN_DOCUMENTATION_COMMENTS = YES;
				CLANG_WARN_EMPTY_BODY = YES;
				CLANG_WARN_ENUM_CONVERSION = YES;
				CLANG_WARN_INFINITE_RECURSION = YES;
				CLANG_WARN_INT_CONVERSION = YES;
				CLANG_WARN_NON_LITERAL_NULL_CONVERSION = YES;
				CLANG_WARN_OBJC_IMPLICIT_RETAIN_SELF = YES;
				CLANG_WARN_OBJC_LITERAL_CONVERSION = YES;
				CLANG_WARN_OBJC_ROOT_CLASS = YES_ERROR;
				CLANG_WARN_QUOTED_INCLUDE_IN_FRAMEWORK_HEADER = YES;
				CLANG_WARN_RANGE_LOOP_ANALYSIS = YES;
				CLANG_WARN_STRICT_PROTOTYPES = YES;
				CLANG_WARN_SUSPICIOUS_MOVE = YES;
				CLANG_WARN_UNGUARDED_AVAILABILITY = YES_AGGRESSIVE;
				CLANG_WARN_UNREACHABLE_CODE = YES;
				CLANG_WARN__DUPLICATE_METHOD_MATCH = YES;
				COPY_PHASE_STRIP = NO;
				DEBUG_INFORMATION_FORMAT = dwarf;
				ENABLE_STRICT_OBJC_MSGSEND = YES;
				ENABLE_TESTABILITY = YES;
				GCC_C_LANGUAGE_STANDARD = gnu11;
				GCC_DYNAMIC_NO_PIC = NO;
				GCC_NO_COMMON_BLOCKS = YES;
				GCC_OPTIMIZATION_LEVEL = 0;
				GCC_PREPROCESSOR_DEFINITIONS = (
					"$(inherited)",
					"DEBUG=1",
				);
				GCC_WARN_64_TO_32_BIT_CONVERSION = YES;
				GCC_WARN_ABOUT_RETURN_TYPE = YES_ERROR;
				GCC_WARN_UNDECLARED_SELECTOR = YES;
				GCC_WARN_UNINITIALIZED_AUTOS = YES_AGGRESSIVE;
				GCC_WARN_UNUSED_FUNCTION = YES;
				GCC_WARN_UNUSED_VARIABLE = YES;
				IPHONEOS_DEPLOYMENT_TARGET = 17.0;
				MTL_ENABLE_DEBUG_INFO = INCLUDE_SOURCE;
				MTL_FAST_MATH = YES;
				ONLY_ACTIVE_ARCH = YES;
				PRODUCT_NAME = "$(TARGET_NAME)";
				SDKROOT = iphoneos;
				SWIFT_ACTIVE_COMPILATION_CONDITIONS = DEBUG;
				SWIFT_OPTIMIZATION_LEVEL = "-Onone";
				SWIFT_VERSION = 6.0;
			};
			name = Debug;
		};
		70D1A269425F54E120AB1812 /* Release */ = {
			isa = XCBuildConfiguration;
			buildSettings = {
				BUNDLE_LOADER = "$(TEST_HOST)";
				IPHONEOS_DEPLOYMENT_TARGET = 17.0;
				LD_RUNPATH_SEARCH_PATHS = (
					"$(inherited)",
					"@executable_path/Frameworks",
					"@loader_path/Frameworks",
				);
				PRODUCT_BUNDLE_IDENTIFIER = sg.tertiary.course.Activity09ArchitectureTests;
				SDKROOT = iphoneos;
				TARGETED_DEVICE_FAMILY = "1,2";
				TEST_HOST = "$(BUILT_PRODUCTS_DIR)/Activity09Architecture.app/Activity09Architecture";
			};
			name = Release;
		};
		8229E8283AD29CC29579196E /* Debug */ = {
			isa = XCBuildConfiguration;
			buildSettings = {
				ASSETCATALOG_COMPILER_APPICON_NAME = AppIcon;
				CODE_SIGN_IDENTITY = "iPhone Developer";
				CURRENT_PROJECT_VERSION = 1;
				GENERATE_INFOPLIST_FILE = NO;
				INFOPLIST_FILE = solution/Info.plist;
				IPHONEOS_DEPLOYMENT_TARGET = 17.0;
				LD_RUNPATH_SEARCH_PATHS = (
					"$(inherited)",
					"@executable_path/Frameworks",
				);
				MARKETING_VERSION = 1.2;
				PRODUCT_BUNDLE_IDENTIFIER = sg.tertiary.course.activity09architecture;
				SDKROOT = iphoneos;
				TARGETED_DEVICE_FAMILY = "1,2";
			};
			name = Debug;
		};
		B6CCFF7EC1A4F9ADDB02D585 /* Release */ = {
			isa = XCBuildConfiguration;
			buildSettings = {
				ALWAYS_SEARCH_USER_PATHS = NO;
				CLANG_ANALYZER_NONNULL = YES;
				CLANG_ANALYZER_NUMBER_OBJECT_CONVERSION = YES_AGGRESSIVE;
				CLANG_CXX_LANGUAGE_STANDARD = "gnu++14";
				CLANG_CXX_LIBRARY = "libc++";
				CLANG_ENABLE_MODULES = YES;
				CLANG_ENABLE_OBJC_ARC = YES;
				CLANG_ENABLE_OBJC_WEAK = YES;
				CLANG_WARN_BLOCK_CAPTURE_AUTORELEASING = YES;
				CLANG_WARN_BOOL_CONVERSION = YES;
				CLANG_WARN_COMMA = YES;
				CLANG_WARN_CONSTANT_CONVERSION = YES;
				CLANG_WARN_DEPRECATED_OBJC_IMPLEMENTATIONS = YES;
				CLANG_WARN_DIRECT_OBJC_ISA_USAGE = YES_ERROR;
				CLANG_WARN_DOCUMENTATION_COMMENTS = YES;
				CLANG_WARN_EMPTY_BODY = YES;
				CLANG_WARN_ENUM_CONVERSION = YES;
				CLANG_WARN_INFINITE_RECURSION = YES;
				CLANG_WARN_INT_CONVERSION = YES;
				CLANG_WARN_NON_LITERAL_NULL_CONVERSION = YES;
				CLANG_WARN_OBJC_IMPLICIT_RETAIN_SELF = YES;
				CLANG_WARN_OBJC_LITERAL_CONVERSION = YES;
				CLANG_WARN_OBJC_ROOT_CLASS = YES_ERROR;
				CLANG_WARN_QUOTED_INCLUDE_IN_FRAMEWORK_HEADER = YES;
				CLANG_WARN_RANGE_LOOP_ANALYSIS = YES;
				CLANG_WARN_STRICT_PROTOTYPES = YES;
				CLANG_WARN_SUSPICIOUS_MOVE = YES;
				CLANG_WARN_UNGUARDED_AVAILABILITY = YES_AGGRESSIVE;
				CLANG_WARN_UNREACHABLE_CODE = YES;
				CLANG_WARN__DUPLICATE_METHOD_MATCH = YES;
				COPY_PHASE_STRIP = NO;
				DEBUG_INFORMATION_FORMAT = "dwarf-with-dsym";
				ENABLE_NS_ASSERTIONS = NO;
				ENABLE_STRICT_OBJC_MSGSEND = YES;
				GCC_C_LANGUAGE_STANDARD = gnu11;
				GCC_NO_COMMON_BLOCKS = YES;
				GCC_WARN_64_TO_32_BIT_CONVERSION = YES;
				GCC_WARN_ABOUT_RETURN_TYPE = YES_ERROR;
				GCC_WARN_UNDECLARED_SELECTOR = YES;
				GCC_WARN_UNINITIALIZED_AUTOS = YES_AGGRESSIVE;
				GCC_WARN_UNUSED_FUNCTION = YES;
				GCC_WARN_UNUSED_VARIABLE = YES;
				IPHONEOS_DEPLOYMENT_TARGET = 17.0;
				MTL_ENABLE_DEBUG_INFO = NO;
				MTL_FAST_MATH = YES;
				PRODUCT_NAME = "$(TARGET_NAME)";
				SDKROOT = iphoneos;
				SWIFT_COMPILATION_MODE = wholemodule;
				SWIFT_OPTIMIZATION_LEVEL = "-O";
				SWIFT_VERSION = 6.0;
			};
			name = Release;
		};
		C87A42F24E4544B68A0ABB99 /* Release */ = {
			isa = XCBuildConfiguration;
			buildSettings = {
				ASSETCATALOG_COMPILER_APPICON_NAME = AppIcon;
				CODE_SIGN_IDENTITY = "iPhone Developer";
				CURRENT_PROJECT_VERSION = 1;
				GENERATE_INFOPLIST_FILE = NO;
				INFOPLIST_FILE = solution/Info.plist;
				IPHONEOS_DEPLOYMENT_TARGET = 17.0;
				LD_RUNPATH_SEARCH_PATHS = (
					"$(inherited)",
					"@executable_path/Frameworks",
				);
				MARKETING_VERSION = 1.2;
				PRODUCT_BUNDLE_IDENTIFIER = sg.tertiary.course.activity09architecture;
				SDKROOT = iphoneos;
				TARGETED_DEVICE_FAMILY = "1,2";
			};
			name = Release;
		};
		CA41E8014421B8BAB1BC2D66 /* Debug */ = {
			isa = XCBuildConfiguration;
			buildSettings = {
				BUNDLE_LOADER = "$(TEST_HOST)";
				IPHONEOS_DEPLOYMENT_TARGET = 17.0;
				LD_RUNPATH_SEARCH_PATHS = (
					"$(inherited)",
					"@executable_path/Frameworks",
					"@loader_path/Frameworks",
				);
				PRODUCT_BUNDLE_IDENTIFIER = sg.tertiary.course.Activity09ArchitectureTests;
				SDKROOT = iphoneos;
				TARGETED_DEVICE_FAMILY = "1,2";
				TEST_HOST = "$(BUILT_PRODUCTS_DIR)/Activity09Architecture.app/Activity09Architecture";
			};
			name = Debug;
		};
/* End XCBuildConfiguration section */

/* Begin XCConfigurationList section */
		40AE0C24DD2B8E961B04D552 /* Build configuration list for PBXNativeTarget "Activity09ArchitectureTests" */ = {
			isa = XCConfigurationList;
			buildConfigurations = (
				CA41E8014421B8BAB1BC2D66 /* Debug */,
				70D1A269425F54E120AB1812 /* Release */,
			);
			defaultConfigurationIsVisible = 0;
			defaultConfigurationName = Debug;
		};
		964132F18D3F8FC3580B0868 /* Build configuration list for PBXNativeTarget "Activity09Architecture" */ = {
			isa = XCConfigurationList;
			buildConfigurations = (
				8229E8283AD29CC29579196E /* Debug */,
				C87A42F24E4544B68A0ABB99 /* Release */,
			);
			defaultConfigurationIsVisible = 0;
			defaultConfigurationName = Debug;
		};
		9F013091FE6908776C3A89D9 /* Build configuration list for PBXProject "Activity09Architecture" */ = {
			isa = XCConfigurationList;
			buildConfigurations = (
				327E34314D2CA72F15DDD614 /* Debug */,
				B6CCFF7EC1A4F9ADDB02D585 /* Release */,
			);
			defaultConfigurationIsVisible = 0;
			defaultConfigurationName = Debug;
		};
/* End XCConfigurationList section */
	};
	rootObject = 16DE7AD58BD73F32CEBAE5BE /* Project object */;
}
